
Microsoft Visual Studio Solution File, Format Version 12.00
# Visual Studio 15
VisualStudioVersion = 15.0.28307.106
MinimumVisualStudioVersion = 10.0.40219.1
Project("{FAE04EC0-301F-11D3-BF4B-00C04F79EFBC}") = "NumberOfFactors", "NumberOfFactors\NumberOfFactors.csproj", "{87FAD165-6053-4850-8607-7D5B8215FAD5}"
EndProject
Global
	GlobalSection(SolutionConfigurationPlatforms) = preSolution
		Debug|Any CPU = Debug|Any CPU
		Release|Any CPU = Release|Any CPU
	EndGlobalSection
	GlobalSection(ProjectConfigurationPlatforms) = postSolution
		{87FAD165-6053-4850-8607-7D5B8215FAD5}.Debug|Any CPU.ActiveCfg = Debug|Any CPU
		{87FAD165-6053-4850-8607-7D5B8215FAD5}.Debug|Any CPU.Build.0 = Debug|Any CPU
		{87FAD165-6053-4850-8607-7D5B8215FAD5}.Release|Any CPU.ActiveCfg = Release|Any CPU
		{87FAD165-6053-4850-8607-7D5B8215FAD5}.Release|Any CPU.Build.0 = Release|Any CPU
	EndGlobalSection
	GlobalSection(SolutionProperties) = preSolution
		HideSolutionNode = FALSE
	EndGlobalSection
	GlobalSection(ExtensibilityGlobals) = postSolution
		SolutionGuid = {C5C857F2-5F76-4671-B9FF-8B9043D15C4A}
	EndGlobalSection
EndGlobal
